
Microsoft Visual Studio Solution File, Format Version 12.00
# Visual Studio Version 17
VisualStudioVersion = 17.7.34018.315
MinimumVisualStudioVersion = 10.0.40219.1
Project("{FAE04EC0-301F-11D3-BF4B-00C04F79EFBC}") = "PruebaDB", "PruebaDB\PruebaDB.csproj", "{E954FDF8-0152-463B-A2CA-B21B0A7046B1}"
EndProject
Global
	GlobalSection(SolutionConfigurationPlatforms) = preSolution
		Debug|Any CPU = Debug|Any CPU
		Release|Any CPU = Release|Any CPU
	EndGlobalSection
	GlobalSection(ProjectConfigurationPlatforms) = postSolution
		{E954FDF8-0152-463B-A2CA-B21B0A7046B1}.Debug|Any CPU.ActiveCfg = Debug|Any CPU
		{E954FDF8-0152-463B-A2CA-B21B0A7046B1}.Debug|Any CPU.Build.0 = Debug|Any CPU
		{E954FDF8-0152-463B-A2CA-B21B0A7046B1}.Release|Any CPU.ActiveCfg = Release|Any CPU
		{E954FDF8-0152-463B-A2CA-B21B0A7046B1}.Release|Any CPU.Build.0 = Release|Any CPU
	EndGlobalSection
	GlobalSection(SolutionProperties) = preSolution
		HideSolutionNode = FALSE
	EndGlobalSection
	GlobalSection(ExtensibilityGlobals) = postSolution
		SolutionGuid = {FB593BD4-987E-45AB-A1A3-0D02388481E0}
	EndGlobalSection
EndGlobal
